
Microsoft Visual Studio Solution File, Format Version 12.00
# Visual Studio Version 17
VisualStudioVersion = 17.7.34009.444
MinimumVisualStudioVersion = 10.0.40219.1
Project("{FAE04EC0-301F-11D3-BF4B-00C04F79EFBC}") = "Printer_InputClient_Net4.0", "Printer_InputClient_Net4.0\Printer_InputClient_Net4.0.csproj", "{3822AE5D-8687-4A69-99CD-17019D8A6733}"
EndProject
Global
	GlobalSection(SolutionConfigurationPlatforms) = preSolution
		Debug|Any CPU = Debug|Any CPU
		Release|Any CPU = Release|Any CPU
	EndGlobalSection
	GlobalSection(ProjectConfigurationPlatforms) = postSolution
		{3822AE5D-8687-4A69-99CD-17019D8A6733}.Debug|Any CPU.ActiveCfg = Debug|Any CPU
		{3822AE5D-8687-4A69-99CD-17019D8A6733}.Debug|Any CPU.Build.0 = Debug|Any CPU
		{3822AE5D-8687-4A69-99CD-17019D8A6733}.Release|Any CPU.ActiveCfg = Release|Any CPU
		{3822AE5D-8687-4A69-99CD-17019D8A6733}.Release|Any CPU.Build.0 = Release|Any CPU
	EndGlobalSection
	GlobalSection(SolutionProperties) = preSolution
		HideSolutionNode = FALSE
	EndGlobalSection
	GlobalSection(ExtensibilityGlobals) = postSolution
		SolutionGuid = {3293C4E5-9E0A-4DAC-BE96-E45CABE2494D}
	EndGlobalSection
EndGlobal
